
Microsoft Visual Studio Solution File, Format Version 12.00
# Visual Studio Version 16
VisualStudioVersion = 16.0.29905.134
MinimumVisualStudioVersion = 10.0.40219.1
Project("{FAE04EC0-301F-11D3-BF4B-00C04F79EFBC}") = "QuizApp", "QuizApp.csproj", "{AEC7E6E3-EF09-4EB3-A374-20625262BBDD}"
EndProject
Global
	GlobalSection(SolutionConfigurationPlatforms) = preSolution
		Debug|Any CPU = Debug|Any CPU
		Release|Any CPU = Release|Any CPU
	EndGlobalSection
	GlobalSection(ProjectConfigurationPlatforms) = postSolution
		{AEC7E6E3-EF09-4EB3-A374-20625262BBDD}.Debug|Any CPU.ActiveCfg = Debug|Any CPU
		{AEC7E6E3-EF09-4EB3-A374-20625262BBDD}.Debug|Any CPU.Build.0 = Debug|Any CPU
		{AEC7E6E3-EF09-4EB3-A374-20625262BBDD}.Release|Any CPU.ActiveCfg = Release|Any CPU
		{AEC7E6E3-EF09-4EB3-A374-20625262BBDD}.Release|Any CPU.Build.0 = Release|Any CPU
	EndGlobalSection
	GlobalSection(SolutionProperties) = preSolution
		HideSolutionNode = FALSE
	EndGlobalSection
	GlobalSection(ExtensibilityGlobals) = postSolution
		SolutionGuid = {1FB57D77-D655-4199-A4F8-DD538D6EE1FA}
	EndGlobalSection
EndGlobal
